{
  "object": {
    "pins": [
      {
        "package": "INCommons",
        "repositoryURL": "https://github.com/indieSoftware/INCommons.git",
        "state": {
          "branch": "develop",
          "revision": "52aa94dbcc8e4b6dd3ce690d7de64655fa4b1404",
          "version": null
        }
      }
    ]
  },
  "version": 1
}
