// !$*UTF8*$!
{
	archiveVersion = 1;
	classes = {
	};
	objectVersion = 55;
	objects = {

/* Begin PBXAggregateTarget section */
		26FCE71027D215C800C229DA /* SwiftFormat */ = {
			isa = PBXAggregateTarget;
			buildConfigurationList = 26FCE71127D215C800C229DA /* Build configuration list for PBXAggregateTarget "SwiftFormat" */;
			buildPhases = (
				26FCE71427D215DD00C229DA /* Extract Swift Version Number */,
				26FCE71527D215F400C229DA /* SwiftFormat */,
			);
			dependencies = (
			);
			name = SwiftFormat;
			productName = SwiftFormat;
		};
/* End PBXAggregateTarget section */

/* Begin PBXBuildFile section */
		1FBEF312A06038F80CB56ABE /* Pods_INNavigationTests.framework in Frameworks */ = {isa = PBXBuildFile; fileRef = 105AEC89036B03A6A3298BC2 /* Pods_INNavigationTests.framework */; };
		264E541428055F710074A011 /* NavigationPageElement.swift in Sources */ = {isa = PBXBuildFile; fileRef = 264E540928055F710074A011 /* NavigationPageElement.swift */; };
		264E541528055F710074A011 /* NavigationStack.swift in Sources */ = {isa = PBXBuildFile; fileRef = 264E540A28055F710074A011 /* NavigationStack.swift */; };
		264E541628055F710074A011 /* NavigationNode.swift in Sources */ = {isa = PBXBuildFile; fileRef = 264E540B28055F710074A011 /* NavigationNode.swift */; };
		264E541728055F710074A011 /* NavigationStackStyle.swift in Sources */ = {isa = PBXBuildFile; fileRef = 264E540C28055F710074A011 /* NavigationStackStyle.swift */; };
		264E541828055F710074A011 /* NavigationStyle.swift in Sources */ = {isa = PBXBuildFile; fileRef = 264E540D28055F710074A011 /* NavigationStyle.swift */; };
		264E541928055F710074A011 /* NavigationStack+Binding.swift in Sources */ = {isa = PBXBuildFile; fileRef = 264E540E28055F710074A011 /* NavigationStack+Binding.swift */; };
		264E541A28055F710074A011 /* View+.swift in Sources */ = {isa = PBXBuildFile; fileRef = 264E540F28055F710074A011 /* View+.swift */; };
		264E541B28055F710074A011 /* NavigationOptions.swift in Sources */ = {isa = PBXBuildFile; fileRef = 264E541028055F710074A011 /* NavigationOptions.swift */; };
		264E541C28055F710074A011 /* NavigationPopStyle.swift in Sources */ = {isa = PBXBuildFile; fileRef = 264E541128055F710074A011 /* NavigationPopStyle.swift */; };
		264E541D28055F710074A011 /* NavigatableStyle.swift in Sources */ = {isa = PBXBuildFile; fileRef = 264E541228055F710074A011 /* NavigatableStyle.swift */; };
		264E541E28055F710074A011 /* NavigationFlow.swift in Sources */ = {isa = PBXBuildFile; fileRef = 264E541328055F710074A011 /* NavigationFlow.swift */; };
		26FCE6D327D1F9C600C229DA /* INNavigationExampleApp.swift in Sources */ = {isa = PBXBuildFile; fileRef = 26FCE6D227D1F9C600C229DA /* INNavigationExampleApp.swift */; };
		26FCE6D727D1F9C700C229DA /* Assets.xcassets in Resources */ = {isa = PBXBuildFile; fileRef = 26FCE6D627D1F9C700C229DA /* Assets.xcassets */; };
		26FCE6DA27D1F9C700C229DA /* Preview Assets.xcassets in Resources */ = {isa = PBXBuildFile; fileRef = 26FCE6D927D1F9C700C229DA /* Preview Assets.xcassets */; };
		26FCE6F127D1FAD700C229DA /* INNavigation.framework in Frameworks */ = {isa = PBXBuildFile; fileRef = 26FCE6E727D1FAD600C229DA /* INNavigation.framework */; };
		26FCE6F927D1FAD700C229DA /* INNavigation.h in Headers */ = {isa = PBXBuildFile; fileRef = 26FCE6E927D1FAD600C229DA /* INNavigation.h */; settings = {ATTRIBUTES = (Public, ); }; };
		26FCE6FC27D1FAD700C229DA /* INNavigation.framework in Frameworks */ = {isa = PBXBuildFile; fileRef = 26FCE6E727D1FAD600C229DA /* INNavigation.framework */; };
		26FCE6FD27D1FAD700C229DA /* INNavigation.framework in Embed Frameworks */ = {isa = PBXBuildFile; fileRef = 26FCE6E727D1FAD600C229DA /* INNavigation.framework */; settings = {ATTRIBUTES = (CodeSignOnCopy, RemoveHeadersOnCopy, ); }; };
		26FCE7A327D276BF00C229DA /* INNavigationExampleView.swift in Sources */ = {isa = PBXBuildFile; fileRef = 26FCE79B27D276BF00C229DA /* INNavigationExampleView.swift */; };
		41980954330F1CBB38EA8773 /* Pods_INNavigation.framework in Frameworks */ = {isa = PBXBuildFile; fileRef = 81449F7F71630EA9DE31C59A /* Pods_INNavigation.framework */; };
		5339E4A327FC1BD6009098C8 /* INNavigationTests.swift in Sources */ = {isa = PBXBuildFile; fileRef = 5339E4A227FC1BD6009098C8 /* INNavigationTests.swift */; };
		9A886A5C404411A5FADCA8C6 /* Pods_INNavigationExample.framework in Frameworks */ = {isa = PBXBuildFile; fileRef = FB55D7ABEC1132CCF782889E /* Pods_INNavigationExample.framework */; };
/* End PBXBuildFile section */

/* Begin PBXContainerItemProxy section */
		26FCE6F227D1FAD700C229DA /* PBXContainerItemProxy */ = {
			isa = PBXContainerItemProxy;
			containerPortal = 26FCE6C727D1F9C600C229DA /* Project object */;
			proxyType = 1;
			remoteGlobalIDString = 26FCE6E627D1FAD600C229DA;
			remoteInfo = INNavigation;
		};
		26FCE6F427D1FAD700C229DA /* PBXContainerItemProxy */ = {
			isa = PBXContainerItemProxy;
			containerPortal = 26FCE6C727D1F9C600C229DA /* Project object */;
			proxyType = 1;
			remoteGlobalIDString = 26FCE6CE27D1F9C600C229DA;
			remoteInfo = INNavigationExample;
		};
		26FCE6FA27D1FAD700C229DA /* PBXContainerItemProxy */ = {
			isa = PBXContainerItemProxy;
			containerPortal = 26FCE6C727D1F9C600C229DA /* Project object */;
			proxyType = 1;
			remoteGlobalIDString = 26FCE6E627D1FAD600C229DA;
			remoteInfo = INNavigation;
		};
/* End PBXContainerItemProxy section */

/* Begin PBXCopyFilesBuildPhase section */
		26FCE70127D1FAD700C229DA /* Embed Frameworks */ = {
			isa = PBXCopyFilesBuildPhase;
			buildActionMask = 2147483647;
			dstPath = "";
			dstSubfolderSpec = 10;
			files = (
				26FCE6FD27D1FAD700C229DA /* INNavigation.framework in Embed Frameworks */,
			);
			name = "Embed Frameworks";
			runOnlyForDeploymentPostprocessing = 0;
		};
/* End PBXCopyFilesBuildPhase section */

/* Begin PBXFileReference section */
		105AEC89036B03A6A3298BC2 /* Pods_INNavigationTests.framework */ = {isa = PBXFileReference; explicitFileType = wrapper.framework; includeInIndex = 0; path = Pods_INNavigationTests.framework; sourceTree = BUILT_PRODUCTS_DIR; };
		1D3CF85261265366D7A83882 /* Pods-INNavigation.debug.xcconfig */ = {isa = PBXFileReference; includeInIndex = 1; lastKnownFileType = text.xcconfig; name = "Pods-INNavigation.debug.xcconfig"; path = "Target Support Files/Pods-INNavigation/Pods-INNavigation.debug.xcconfig"; sourceTree = "<group>"; };
		264E540928055F710074A011 /* NavigationPageElement.swift */ = {isa = PBXFileReference; fileEncoding = 4; lastKnownFileType = sourcecode.swift; path = NavigationPageElement.swift; sourceTree = "<group>"; };
		264E540A28055F710074A011 /* NavigationStack.swift */ = {isa = PBXFileReference; fileEncoding = 4; lastKnownFileType = sourcecode.swift; path = NavigationStack.swift; sourceTree = "<group>"; };
		264E540B28055F710074A011 /* NavigationNode.swift */ = {isa = PBXFileReference; fileEncoding = 4; lastKnownFileType = sourcecode.swift; path = NavigationNode.swift; sourceTree = "<group>"; };
		264E540C28055F710074A011 /* NavigationStackStyle.swift */ = {isa = PBXFileReference; fileEncoding = 4; lastKnownFileType = sourcecode.swift; path = NavigationStackStyle.swift; sourceTree = "<group>"; };
		264E540D28055F710074A011 /* NavigationStyle.swift */ = {isa = PBXFileReference; fileEncoding = 4; lastKnownFileType = sourcecode.swift; path = NavigationStyle.swift; sourceTree = "<group>"; };
		264E540E28055F710074A011 /* NavigationStack+Binding.swift */ = {isa = PBXFileReference; fileEncoding = 4; lastKnownFileType = sourcecode.swift; path = "NavigationStack+Binding.swift"; sourceTree = "<group>"; };
		264E540F28055F710074A011 /* View+.swift */ = {isa = PBXFileReference; fileEncoding = 4; lastKnownFileType = sourcecode.swift; path = "View+.swift"; sourceTree = "<group>"; };
		264E541028055F710074A011 /* NavigationOptions.swift */ = {isa = PBXFileReference; fileEncoding = 4; lastKnownFileType = sourcecode.swift; path = NavigationOptions.swift; sourceTree = "<group>"; };
		264E541128055F710074A011 /* NavigationPopStyle.swift */ = {isa = PBXFileReference; fileEncoding = 4; lastKnownFileType = sourcecode.swift; path = NavigationPopStyle.swift; sourceTree = "<group>"; };
		264E541228055F710074A011 /* NavigatableStyle.swift */ = {isa = PBXFileReference; fileEncoding = 4; lastKnownFileType = sourcecode.swift; path = NavigatableStyle.swift; sourceTree = "<group>"; };
		264E541328055F710074A011 /* NavigationFlow.swift */ = {isa = PBXFileReference; fileEncoding = 4; lastKnownFileType = sourcecode.swift; path = NavigationFlow.swift; sourceTree = "<group>"; };
		26FCE6CF27D1F9C600C229DA /* INNavigationExample.app */ = {isa = PBXFileReference; explicitFileType = wrapper.application; includeInIndex = 0; path = INNavigationExample.app; sourceTree = BUILT_PRODUCTS_DIR; };
		26FCE6D227D1F9C600C229DA /* INNavigationExampleApp.swift */ = {isa = PBXFileReference; lastKnownFileType = sourcecode.swift; path = INNavigationExampleApp.swift; sourceTree = "<group>"; };
		26FCE6D627D1F9C700C229DA /* Assets.xcassets */ = {isa = PBXFileReference; lastKnownFileType = folder.assetcatalog; path = Assets.xcassets; sourceTree = "<group>"; };
		26FCE6D927D1F9C700C229DA /* Preview Assets.xcassets */ = {isa = PBXFileReference; lastKnownFileType = folder.assetcatalog; path = "Preview Assets.xcassets"; sourceTree = "<group>"; };
		26FCE6E727D1FAD600C229DA /* INNavigation.framework */ = {isa = PBXFileReference; explicitFileType = wrapper.framework; includeInIndex = 0; path = INNavigation.framework; sourceTree = BUILT_PRODUCTS_DIR; };
		26FCE6E927D1FAD600C229DA /* INNavigation.h */ = {isa = PBXFileReference; lastKnownFileType = sourcecode.c.h; path = INNavigation.h; sourceTree = "<group>"; };
		26FCE6F027D1FAD700C229DA /* INNavigationTests.xctest */ = {isa = PBXFileReference; explicitFileType = wrapper.cfbundle; includeInIndex = 0; path = INNavigationTests.xctest; sourceTree = BUILT_PRODUCTS_DIR; };
		26FCE70B27D2137300C229DA /* README.md */ = {isa = PBXFileReference; lastKnownFileType = net.daringfireball.markdown; path = README.md; sourceTree = "<group>"; };
		26FCE79B27D276BF00C229DA /* INNavigationExampleView.swift */ = {isa = PBXFileReference; fileEncoding = 4; lastKnownFileType = sourcecode.swift; path = INNavigationExampleView.swift; sourceTree = "<group>"; };
		5339E4A227FC1BD6009098C8 /* INNavigationTests.swift */ = {isa = PBXFileReference; fileEncoding = 4; lastKnownFileType = sourcecode.swift; path = INNavigationTests.swift; sourceTree = "<group>"; };
		67BF383CCDD0E96374B9F2A1 /* Pods-INNavigationExample.debug.xcconfig */ = {isa = PBXFileReference; includeInIndex = 1; lastKnownFileType = text.xcconfig; name = "Pods-INNavigationExample.debug.xcconfig"; path = "Target Support Files/Pods-INNavigationExample/Pods-INNavigationExample.debug.xcconfig"; sourceTree = "<group>"; };
		81449F7F71630EA9DE31C59A /* Pods_INNavigation.framework */ = {isa = PBXFileReference; explicitFileType = wrapper.framework; includeInIndex = 0; path = Pods_INNavigation.framework; sourceTree = BUILT_PRODUCTS_DIR; };
		84D70F57B0BCB8956401ED89 /* Pods-INNavigationTests.release.xcconfig */ = {isa = PBXFileReference; includeInIndex = 1; lastKnownFileType = text.xcconfig; name = "Pods-INNavigationTests.release.xcconfig"; path = "Target Support Files/Pods-INNavigationTests/Pods-INNavigationTests.release.xcconfig"; sourceTree = "<group>"; };
		D2E8259FAF6787CBFA87BD66 /* Pods-INNavigation.release.xcconfig */ = {isa = PBXFileReference; includeInIndex = 1; lastKnownFileType = text.xcconfig; name = "Pods-INNavigation.release.xcconfig"; path = "Target Support Files/Pods-INNavigation/Pods-INNavigation.release.xcconfig"; sourceTree = "<group>"; };
		D8B4F37595AC576D2D0591E2 /* Pods-INNavigationExample.release.xcconfig */ = {isa = PBXFileReference; includeInIndex = 1; lastKnownFileType = text.xcconfig; name = "Pods-INNavigationExample.release.xcconfig"; path = "Target Support Files/Pods-INNavigationExample/Pods-INNavigationExample.release.xcconfig"; sourceTree = "<group>"; };
		F05FDB89098D66812BE40AEB /* Pods-INNavigationTests.debug.xcconfig */ = {isa = PBXFileReference; includeInIndex = 1; lastKnownFileType = text.xcconfig; name = "Pods-INNavigationTests.debug.xcconfig"; path = "Target Support Files/Pods-INNavigationTests/Pods-INNavigationTests.debug.xcconfig"; sourceTree = "<group>"; };
		FB55D7ABEC1132CCF782889E /* Pods_INNavigationExample.framework */ = {isa = PBXFileReference; explicitFileType = wrapper.framework; includeInIndex = 0; path = Pods_INNavigationExample.framework; sourceTree = BUILT_PRODUCTS_DIR; };
/* End PBXFileReference section */

/* Begin PBXFrameworksBuildPhase section */
		26FCE6CC27D1F9C600C229DA /* Frameworks */ = {
			isa = PBXFrameworksBuildPhase;
			buildActionMask = 2147483647;
			files = (
				26FCE6FC27D1FAD700C229DA /* INNavigation.framework in Frameworks */,
				9A886A5C404411A5FADCA8C6 /* Pods_INNavigationExample.framework in Frameworks */,
			);
			runOnlyForDeploymentPostprocessing = 0;
		};
		26FCE6E427D1FAD600C229DA /* Frameworks */ = {
			isa = PBXFrameworksBuildPhase;
			buildActionMask = 2147483647;
			files = (
				41980954330F1CBB38EA8773 /* Pods_INNavigation.framework in Frameworks */,
			);
			runOnlyForDeploymentPostprocessing = 0;
		};
		26FCE6ED27D1FAD700C229DA /* Frameworks */ = {
			isa = PBXFrameworksBuildPhase;
			buildActionMask = 2147483647;
			files = (
				26FCE6F127D1FAD700C229DA /* INNavigation.framework in Frameworks */,
				1FBEF312A06038F80CB56ABE /* Pods_INNavigationTests.framework in Frameworks */,
			);
			runOnlyForDeploymentPostprocessing = 0;
		};
/* End PBXFrameworksBuildPhase section */

/* Begin PBXGroup section */
		264E540828055F710074A011 /* NavigationStack */ = {
			isa = PBXGroup;
			children = (
				264E541228055F710074A011 /* NavigatableStyle.swift */,
				264E541328055F710074A011 /* NavigationFlow.swift */,
				264E540B28055F710074A011 /* NavigationNode.swift */,
				264E541028055F710074A011 /* NavigationOptions.swift */,
				264E540928055F710074A011 /* NavigationPageElement.swift */,
				264E541128055F710074A011 /* NavigationPopStyle.swift */,
				264E540A28055F710074A011 /* NavigationStack.swift */,
				264E540C28055F710074A011 /* NavigationStackStyle.swift */,
				264E540E28055F710074A011 /* NavigationStack+Binding.swift */,
				264E540D28055F710074A011 /* NavigationStyle.swift */,
				264E540F28055F710074A011 /* View+.swift */,
			);
			path = NavigationStack;
			sourceTree = "<group>";
		};
		26FCE6C627D1F9C600C229DA = {
			isa = PBXGroup;
			children = (
				26FCE70B27D2137300C229DA /* README.md */,
				26FCE6E027D1FA1D00C229DA /* Sources */,
				26FCE6E127D1FA1D00C229DA /* Tests */,
				26FCE6D027D1F9C600C229DA /* Products */,
				A1A334526A815466A067FA00 /* Pods */,
				2959848DA52289D979AB1FD6 /* Frameworks */,
			);
			sourceTree = "<group>";
		};
		26FCE6D027D1F9C600C229DA /* Products */ = {
			isa = PBXGroup;
			children = (
				26FCE6CF27D1F9C600C229DA /* INNavigationExample.app */,
				26FCE6E727D1FAD600C229DA /* INNavigation.framework */,
				26FCE6F027D1FAD700C229DA /* INNavigationTests.xctest */,
			);
			name = Products;
			sourceTree = "<group>";
		};
		26FCE6D127D1F9C600C229DA /* INNavigationExample */ = {
			isa = PBXGroup;
			children = (
				26FCE79B27D276BF00C229DA /* INNavigationExampleView.swift */,
				26FCE6D227D1F9C600C229DA /* INNavigationExampleApp.swift */,
				26FCE6D627D1F9C700C229DA /* Assets.xcassets */,
				26FCE6D827D1F9C700C229DA /* Preview Content */,
			);
			path = INNavigationExample;
			sourceTree = "<group>";
		};
		26FCE6D827D1F9C700C229DA /* Preview Content */ = {
			isa = PBXGroup;
			children = (
				26FCE6D927D1F9C700C229DA /* Preview Assets.xcassets */,
			);
			path = "Preview Content";
			sourceTree = "<group>";
		};
		26FCE6E027D1FA1D00C229DA /* Sources */ = {
			isa = PBXGroup;
			children = (
				26FCE6E827D1FAD600C229DA /* INNavigation */,
				26FCE6D127D1F9C600C229DA /* INNavigationExample */,
			);
			path = Sources;
			sourceTree = "<group>";
		};
		26FCE6E127D1FA1D00C229DA /* Tests */ = {
			isa = PBXGroup;
			children = (
				26FCE6F627D1FAD700C229DA /* INNavigationTests */,
			);
			path = Tests;
			sourceTree = "<group>";
		};
		26FCE6E827D1FAD600C229DA /* INNavigation */ = {
			isa = PBXGroup;
			children = (
				264E540828055F710074A011 /* NavigationStack */,
				26FCE6E927D1FAD600C229DA /* INNavigation.h */,
			);
			path = INNavigation;
			sourceTree = "<group>";
		};
		26FCE6F627D1FAD700C229DA /* INNavigationTests */ = {
			isa = PBXGroup;
			children = (
				5339E4A227FC1BD6009098C8 /* INNavigationTests.swift */,
			);
			path = INNavigationTests;
			sourceTree = "<group>";
		};
		2959848DA52289D979AB1FD6 /* Frameworks */ = {
			isa = PBXGroup;
			children = (
				81449F7F71630EA9DE31C59A /* Pods_INNavigation.framework */,
				FB55D7ABEC1132CCF782889E /* Pods_INNavigationExample.framework */,
				105AEC89036B03A6A3298BC2 /* Pods_INNavigationTests.framework */,
			);
			name = Frameworks;
			sourceTree = "<group>";
		};
		A1A334526A815466A067FA00 /* Pods */ = {
			isa = PBXGroup;
			children = (
				1D3CF85261265366D7A83882 /* Pods-INNavigation.debug.xcconfig */,
				D2E8259FAF6787CBFA87BD66 /* Pods-INNavigation.release.xcconfig */,
				67BF383CCDD0E96374B9F2A1 /* Pods-INNavigationExample.debug.xcconfig */,
				D8B4F37595AC576D2D0591E2 /* Pods-INNavigationExample.release.xcconfig */,
				F05FDB89098D66812BE40AEB /* Pods-INNavigationTests.debug.xcconfig */,
				84D70F57B0BCB8956401ED89 /* Pods-INNavigationTests.release.xcconfig */,
			);
			path = Pods;
			sourceTree = "<group>";
		};
/* End PBXGroup section */

/* Begin PBXHeadersBuildPhase section */
		26FCE6E227D1FAD600C229DA /* Headers */ = {
			isa = PBXHeadersBuildPhase;
			buildActionMask = 2147483647;
			files = (
				26FCE6F927D1FAD700C229DA /* INNavigation.h in Headers */,
			);
			runOnlyForDeploymentPostprocessing = 0;
		};
/* End PBXHeadersBuildPhase section */

/* Begin PBXNativeTarget section */
		26FCE6CE27D1F9C600C229DA /* INNavigationExample */ = {
			isa = PBXNativeTarget;
			buildConfigurationList = 26FCE6DD27D1F9C700C229DA /* Build configuration list for PBXNativeTarget "INNavigationExample" */;
			buildPhases = (
				37BF3F21F4322B6E0EEEC86F /* [CP] Check Pods Manifest.lock */,
				26FCE6CB27D1F9C600C229DA /* Sources */,
				26FCE6CC27D1F9C600C229DA /* Frameworks */,
				26FCE6CD27D1F9C600C229DA /* Resources */,
				26FCE70127D1FAD700C229DA /* Embed Frameworks */,
				336501CF0F50EB3024125C00 /* [CP] Embed Pods Frameworks */,
			);
			buildRules = (
			);
			dependencies = (
				26FCE6FB27D1FAD700C229DA /* PBXTargetDependency */,
			);
			name = INNavigationExample;
			productName = INNavigationExample;
			productReference = 26FCE6CF27D1F9C600C229DA /* INNavigationExample.app */;
			productType = "com.apple.product-type.application";
		};
		26FCE6E627D1FAD600C229DA /* INNavigation */ = {
			isa = PBXNativeTarget;
			buildConfigurationList = 26FCE6FE27D1FAD700C229DA /* Build configuration list for PBXNativeTarget "INNavigation" */;
			buildPhases = (
				9D0DC6C45750C6510E64A69D /* [CP] Check Pods Manifest.lock */,
				26FCE70C27D214E900C229DA /* Install GitHooks */,
				26FCE70D27D2152400C229DA /* SwiftLint */,
				26FCE6E227D1FAD600C229DA /* Headers */,
				26FCE6E327D1FAD600C229DA /* Sources */,
				26FCE6E427D1FAD600C229DA /* Frameworks */,
				26FCE6E527D1FAD600C229DA /* Resources */,
			);
			buildRules = (
			);
			dependencies = (
			);
			name = INNavigation;
			productName = INNavigation;
			productReference = 26FCE6E727D1FAD600C229DA /* INNavigation.framework */;
			productType = "com.apple.product-type.framework";
		};
		26FCE6EF27D1FAD700C229DA /* INNavigationTests */ = {
			isa = PBXNativeTarget;
			buildConfigurationList = 26FCE70227D1FAD700C229DA /* Build configuration list for PBXNativeTarget "INNavigationTests" */;
			buildPhases = (
				F31520079DBB9661CF7A7A07 /* [CP] Check Pods Manifest.lock */,
				26FCE6EC27D1FAD700C229DA /* Sources */,
				26FCE6ED27D1FAD700C229DA /* Frameworks */,
				26FCE6EE27D1FAD700C229DA /* Resources */,
				F4395AB85EB3C5544FF322DA /* [CP] Embed Pods Frameworks */,
			);
			buildRules = (
			);
			dependencies = (
				26FCE6F327D1FAD700C229DA /* PBXTargetDependency */,
				26FCE6F527D1FAD700C229DA /* PBXTargetDependency */,
			);
			name = INNavigationTests;
			productName = INNavigationTests;
			productReference = 26FCE6F027D1FAD700C229DA /* INNavigationTests.xctest */;
			productType = "com.apple.product-type.bundle.unit-test";
		};
/* End PBXNativeTarget section */

/* Begin PBXProject section */
		26FCE6C727D1F9C600C229DA /* Project object */ = {
			isa = PBXProject;
			attributes = {
				BuildIndependentTargetsInParallel = 1;
				LastSwiftUpdateCheck = 1320;
				LastUpgradeCheck = 1320;
				TargetAttributes = {
					26FCE6CE27D1F9C600C229DA = {
						CreatedOnToolsVersion = 13.2.1;
					};
					26FCE6E627D1FAD600C229DA = {
						CreatedOnToolsVersion = 13.2.1;
					};
					26FCE6EF27D1FAD700C229DA = {
						CreatedOnToolsVersion = 13.2.1;
						LastSwiftMigration = 1330;
					};
					26FCE71027D215C800C229DA = {
						CreatedOnToolsVersion = 13.2.1;
					};
				};
			};
			buildConfigurationList = 26FCE6CA27D1F9C600C229DA /* Build configuration list for PBXProject "INNavigation" */;
			compatibilityVersion = "Xcode 13.0";
			developmentRegion = en;
			hasScannedForEncodings = 0;
			knownRegions = (
				en,
				Base,
			);
			mainGroup = 26FCE6C627D1F9C600C229DA;
			productRefGroup = 26FCE6D027D1F9C600C229DA /* Products */;
			projectDirPath = "";
			projectRoot = "";
			targets = (
				26FCE6CE27D1F9C600C229DA /* INNavigationExample */,
				26FCE6E627D1FAD600C229DA /* INNavigation */,
				26FCE6EF27D1FAD700C229DA /* INNavigationTests */,
				26FCE71027D215C800C229DA /* SwiftFormat */,
			);
		};
/* End PBXProject section */

/* Begin PBXResourcesBuildPhase section */
		26FCE6CD27D1F9C600C229DA /* Resources */ = {
			isa = PBXResourcesBuildPhase;
			buildActionMask = 2147483647;
			files = (
				26FCE6DA27D1F9C700C229DA /* Preview Assets.xcassets in Resources */,
				26FCE6D727D1F9C700C229DA /* Assets.xcassets in Resources */,
			);
			runOnlyForDeploymentPostprocessing = 0;
		};
		26FCE6E527D1FAD600C229DA /* Resources */ = {
			isa = PBXResourcesBuildPhase;
			buildActionMask = 2147483647;
			files = (
			);
			runOnlyForDeploymentPostprocessing = 0;
		};
		26FCE6EE27D1FAD700C229DA /* Resources */ = {
			isa = PBXResourcesBuildPhase;
			buildActionMask = 2147483647;
			files = (
			);
			runOnlyForDeploymentPostprocessing = 0;
		};
/* End PBXResourcesBuildPhase section */

/* Begin PBXShellScriptBuildPhase section */
		26FCE70C27D214E900C229DA /* Install GitHooks */ = {
			isa = PBXShellScriptBuildPhase;
			alwaysOutOfDate = 1;
			buildActionMask = 2147483647;
			files = (
			);
			inputFileListPaths = (
			);
			inputPaths = (
			);
			name = "Install GitHooks";
			outputFileListPaths = (
			);
			outputPaths = (
			);
			runOnlyForDeploymentPostprocessing = 0;
			shellPath = /bin/sh;
			shellScript = "./Scripts/copyGitHooks.sh\n";
		};
		26FCE70D27D2152400C229DA /* SwiftLint */ = {
			isa = PBXShellScriptBuildPhase;
			alwaysOutOfDate = 1;
			buildActionMask = 2147483647;
			files = (
			);
			inputFileListPaths = (
			);
			inputPaths = (
			);
			name = SwiftLint;
			outputFileListPaths = (
			);
			outputPaths = (
			);
			runOnlyForDeploymentPostprocessing = 0;
			shellPath = /bin/sh;
			shellScript = "\"${PODS_ROOT}/SwiftLint/swiftlint\" lint --path \"Sources/INNavigation\" --config \".swiftlint.yml\"\n";
		};
		26FCE71427D215DD00C229DA /* Extract Swift Version Number */ = {
			isa = PBXShellScriptBuildPhase;
			alwaysOutOfDate = 1;
			buildActionMask = 2147483647;
			files = (
			);
			inputFileListPaths = (
			);
			inputPaths = (
			);
			name = "Extract Swift Version Number";
			outputFileListPaths = (
			);
			outputPaths = (
			);
			runOnlyForDeploymentPostprocessing = 0;
			shellPath = /bin/sh;
			shellScript = ". Scripts/extractSwiftVersion.sh\n";
		};
		26FCE71527D215F400C229DA /* SwiftFormat */ = {
			isa = PBXShellScriptBuildPhase;
			alwaysOutOfDate = 1;
			buildActionMask = 2147483647;
			files = (
			);
			inputFileListPaths = (
			);
			inputPaths = (
			);
			name = SwiftFormat;
			outputFileListPaths = (
			);
			outputPaths = (
			);
			runOnlyForDeploymentPostprocessing = 0;
			shellPath = /bin/sh;
			shellScript = ". Scripts/swiftFormatCodePaths.sh\n\"Pods/SwiftFormat/CommandLineTool/swiftformat\" ${swiftFormatCodePaths[*]} --exclude **/Generated\n";
		};
		336501CF0F50EB3024125C00 /* [CP] Embed Pods Frameworks */ = {
			isa = PBXShellScriptBuildPhase;
			buildActionMask = 2147483647;
			files = (
			);
			inputFileListPaths = (
				"${PODS_ROOT}/Target Support Files/Pods-INNavigationExample/Pods-INNavigationExample-frameworks-${CONFIGURATION}-input-files.xcfilelist",
			);
			name = "[CP] Embed Pods Frameworks";
			outputFileListPaths = (
				"${PODS_ROOT}/Target Support Files/Pods-INNavigationExample/Pods-INNavigationExample-frameworks-${CONFIGURATION}-output-files.xcfilelist",
			);
			runOnlyForDeploymentPostprocessing = 0;
			shellPath = /bin/sh;
			shellScript = "\"${PODS_ROOT}/Target Support Files/Pods-INNavigationExample/Pods-INNavigationExample-frameworks.sh\"\n";
			showEnvVarsInLog = 0;
		};
		37BF3F21F4322B6E0EEEC86F /* [CP] Check Pods Manifest.lock */ = {
			isa = PBXShellScriptBuildPhase;
			buildActionMask = 2147483647;
			files = (
			);
			inputFileListPaths = (
			);
			inputPaths = (
				"${PODS_PODFILE_DIR_PATH}/Podfile.lock",
				"${PODS_ROOT}/Manifest.lock",
			);
			name = "[CP] Check Pods Manifest.lock";
			outputFileListPaths = (
			);
			outputPaths = (
				"$(DERIVED_FILE_DIR)/Pods-INNavigationExample-checkManifestLockResult.txt",
			);
			runOnlyForDeploymentPostprocessing = 0;
			shellPath = /bin/sh;
			shellScript = "diff \"${PODS_PODFILE_DIR_PATH}/Podfile.lock\" \"${PODS_ROOT}/Manifest.lock\" > /dev/null\nif [ $? != 0 ] ; then\n    # print error to STDERR\n    echo \"error: The sandbox is not in sync with the Podfile.lock. Run 'pod install' or update your CocoaPods installation.\" >&2\n    exit 1\nfi\n# This output is used by Xcode 'outputs' to avoid re-running this script phase.\necho \"SUCCESS\" > \"${SCRIPT_OUTPUT_FILE_0}\"\n";
			showEnvVarsInLog = 0;
		};
		9D0DC6C45750C6510E64A69D /* [CP] Check Pods Manifest.lock */ = {
			isa = PBXShellScriptBuildPhase;
			buildActionMask = 2147483647;
			files = (
			);
			inputFileListPaths = (
			);
			inputPaths = (
				"${PODS_PODFILE_DIR_PATH}/Podfile.lock",
				"${PODS_ROOT}/Manifest.lock",
			);
			name = "[CP] Check Pods Manifest.lock";
			outputFileListPaths = (
			);
			outputPaths = (
				"$(DERIVED_FILE_DIR)/Pods-INNavigation-checkManifestLockResult.txt",
			);
			runOnlyForDeploymentPostprocessing = 0;
			shellPath = /bin/sh;
			shellScript = "diff \"${PODS_PODFILE_DIR_PATH}/Podfile.lock\" \"${PODS_ROOT}/Manifest.lock\" > /dev/null\nif [ $? != 0 ] ; then\n    # print error to STDERR\n    echo \"error: The sandbox is not in sync with the Podfile.lock. Run 'pod install' or update your CocoaPods installation.\" >&2\n    exit 1\nfi\n# This output is used by Xcode 'outputs' to avoid re-running this script phase.\necho \"SUCCESS\" > \"${SCRIPT_OUTPUT_FILE_0}\"\n";
			showEnvVarsInLog = 0;
		};
		F31520079DBB9661CF7A7A07 /* [CP] Check Pods Manifest.lock */ = {
			isa = PBXShellScriptBuildPhase;
			buildActionMask = 2147483647;
			files = (
			);
			inputFileListPaths = (
			);
			inputPaths = (
				"${PODS_PODFILE_DIR_PATH}/Podfile.lock",
				"${PODS_ROOT}/Manifest.lock",
			);
			name = "[CP] Check Pods Manifest.lock";
			outputFileListPaths = (
			);
			outputPaths = (
				"$(DERIVED_FILE_DIR)/Pods-INNavigationTests-checkManifestLockResult.txt",
			);
			runOnlyForDeploymentPostprocessing = 0;
			shellPath = /bin/sh;
			shellScript = "diff \"${PODS_PODFILE_DIR_PATH}/Podfile.lock\" \"${PODS_ROOT}/Manifest.lock\" > /dev/null\nif [ $? != 0 ] ; then\n    # print error to STDERR\n    echo \"error: The sandbox is not in sync with the Podfile.lock. Run 'pod install' or update your CocoaPods installation.\" >&2\n    exit 1\nfi\n# This output is used by Xcode 'outputs' to avoid re-running this script phase.\necho \"SUCCESS\" > \"${SCRIPT_OUTPUT_FILE_0}\"\n";
			showEnvVarsInLog = 0;
		};
		F4395AB85EB3C5544FF322DA /* [CP] Embed Pods Frameworks */ = {
			isa = PBXShellScriptBuildPhase;
			buildActionMask = 2147483647;
			files = (
			);
			inputFileListPaths = (
				"${PODS_ROOT}/Target Support Files/Pods-INNavigationTests/Pods-INNavigationTests-frameworks-${CONFIGURATION}-input-files.xcfilelist",
			);
			name = "[CP] Embed Pods Frameworks";
			outputFileListPaths = (
				"${PODS_ROOT}/Target Support Files/Pods-INNavigationTests/Pods-INNavigationTests-frameworks-${CONFIGURATION}-output-files.xcfilelist",
			);
			runOnlyForDeploymentPostprocessing = 0;
			shellPath = /bin/sh;
			shellScript = "\"${PODS_ROOT}/Target Support Files/Pods-INNavigationTests/Pods-INNavigationTests-frameworks.sh\"\n";
			showEnvVarsInLog = 0;
		};
/* End PBXShellScriptBuildPhase section */

/* Begin PBXSourcesBuildPhase section */
		26FCE6CB27D1F9C600C229DA /* Sources */ = {
			isa = PBXSourcesBuildPhase;
			buildActionMask = 2147483647;
			files = (
				26FCE7A327D276BF00C229DA /* INNavigationExampleView.swift in Sources */,
				26FCE6D327D1F9C600C229DA /* INNavigationExampleApp.swift in Sources */,
			);
			runOnlyForDeploymentPostprocessing = 0;
		};
		26FCE6E327D1FAD600C229DA /* Sources */ = {
			isa = PBXSourcesBuildPhase;
			buildActionMask = 2147483647;
			files = (
				264E541728055F710074A011 /* NavigationStackStyle.swift in Sources */,
				264E541828055F710074A011 /* NavigationStyle.swift in Sources */,
				264E541928055F710074A011 /* NavigationStack+Binding.swift in Sources */,
				264E541528055F710074A011 /* NavigationStack.swift in Sources */,
				264E541A28055F710074A011 /* View+.swift in Sources */,
				264E541628055F710074A011 /* NavigationNode.swift in Sources */,
				264E541E28055F710074A011 /* NavigationFlow.swift in Sources */,
				264E541D28055F710074A011 /* NavigatableStyle.swift in Sources */,
				264E541C28055F710074A011 /* NavigationPopStyle.swift in Sources */,
				264E541B28055F710074A011 /* NavigationOptions.swift in Sources */,
				264E541428055F710074A011 /* NavigationPageElement.swift in Sources */,
			);
			runOnlyForDeploymentPostprocessing = 0;
		};
		26FCE6EC27D1FAD700C229DA /* Sources */ = {
			isa = PBXSourcesBuildPhase;
			buildActionMask = 2147483647;
			files = (
				5339E4A327FC1BD6009098C8 /* INNavigationTests.swift in Sources */,
			);
			runOnlyForDeploymentPostprocessing = 0;
		};
/* End PBXSourcesBuildPhase section */

/* Begin PBXTargetDependency section */
		26FCE6F327D1FAD700C229DA /* PBXTargetDependency */ = {
			isa = PBXTargetDependency;
			target = 26FCE6E627D1FAD600C229DA /* INNavigation */;
			targetProxy = 26FCE6F227D1FAD700C229DA /* PBXContainerItemProxy */;
		};
		26FCE6F527D1FAD700C229DA /* PBXTargetDependency */ = {
			isa = PBXTargetDependency;
			target = 26FCE6CE27D1F9C600C229DA /* INNavigationExample */;
			targetProxy = 26FCE6F427D1FAD700C229DA /* PBXContainerItemProxy */;
		};
		26FCE6FB27D1FAD700C229DA /* PBXTargetDependency */ = {
			isa = PBXTargetDependency;
			target = 26FCE6E627D1FAD600C229DA /* INNavigation */;
			targetProxy = 26FCE6FA27D1FAD700C229DA /* PBXContainerItemProxy */;
		};
/* End PBXTargetDependency section */

/* Begin XCBuildConfiguration section */
		26FCE6DB27D1F9C700C229DA /* Debug */ = {
			isa = XCBuildConfiguration;
			buildSettings = {
				ALWAYS_SEARCH_USER_PATHS = NO;
				CLANG_ANALYZER_NONNULL = YES;
				CLANG_ANALYZER_NUMBER_OBJECT_CONVERSION = YES_AGGRESSIVE;
				CLANG_CXX_LANGUAGE_STANDARD = "gnu++17";
				CLANG_CXX_LIBRARY = "libc++";
				CLANG_ENABLE_MODULES = YES;
				CLANG_ENABLE_OBJC_ARC = YES;
				CLANG_ENABLE_OBJC_WEAK = YES;
				CLANG_WARN_BLOCK_CAPTURE_AUTORELEASING = YES;
				CLANG_WARN_BOOL_CONVERSION = YES;
				CLANG_WARN_COMMA = YES;
				CLANG_WARN_CONSTANT_CONVERSION = YES;
				CLANG_WARN_DEPRECATED_OBJC_IMPLEMENTATIONS = YES;
				CLANG_WARN_DIRECT_OBJC_ISA_USAGE = YES_ERROR;
				CLANG_WARN_DOCUMENTATION_COMMENTS = YES;
				CLANG_WARN_EMPTY_BODY = YES;
				CLANG_WARN_ENUM_CONVERSION = YES;
				CLANG_WARN_INFINITE_RECURSION = YES;
				CLANG_WARN_INT_CONVERSION = YES;
				CLANG_WARN_NON_LITERAL_NULL_CONVERSION = YES;
				CLANG_WARN_OBJC_IMPLICIT_RETAIN_SELF = YES;
				CLANG_WARN_OBJC_LITERAL_CONVERSION = YES;
				CLANG_WARN_OBJC_ROOT_CLASS = YES_ERROR;
				CLANG_WARN_QUOTED_INCLUDE_IN_FRAMEWORK_HEADER = YES;
				CLANG_WARN_RANGE_LOOP_ANALYSIS = YES;
				CLANG_WARN_STRICT_PROTOTYPES = YES;
				CLANG_WARN_SUSPICIOUS_MOVE = YES;
				CLANG_WARN_UNGUARDED_AVAILABILITY = YES_AGGRESSIVE;
				CLANG_WARN_UNREACHABLE_CODE = YES;
				CLANG_WARN__DUPLICATE_METHOD_MATCH = YES;
				COPY_PHASE_STRIP = NO;
				DEBUG_INFORMATION_FORMAT = dwarf;
				ENABLE_STRICT_OBJC_MSGSEND = YES;
				ENABLE_TESTABILITY = YES;
				GCC_C_LANGUAGE_STANDARD = gnu11;
				GCC_DYNAMIC_NO_PIC = NO;
				GCC_NO_COMMON_BLOCKS = YES;
				GCC_OPTIMIZATION_LEVEL = 0;
				GCC_PREPROCESSOR_DEFINITIONS = (
					"DEBUG=1",
					"$(inherited)",
				);
				GCC_WARN_64_TO_32_BIT_CONVERSION = YES;
				GCC_WARN_ABOUT_RETURN_TYPE = YES_ERROR;
				GCC_WARN_UNDECLARED_SELECTOR = YES;
				GCC_WARN_UNINITIALIZED_AUTOS = YES_AGGRESSIVE;
				GCC_WARN_UNUSED_FUNCTION = YES;
				GCC_WARN_UNUSED_VARIABLE = YES;
				IPHONEOS_DEPLOYMENT_TARGET = 15.2;
				MTL_ENABLE_DEBUG_INFO = INCLUDE_SOURCE;
				MTL_FAST_MATH = YES;
				ONLY_ACTIVE_ARCH = YES;
				SDKROOT = iphoneos;
				SWIFT_ACTIVE_COMPILATION_CONDITIONS = DEBUG;
				SWIFT_OPTIMIZATION_LEVEL = "-Onone";
			};
			name = Debug;
		};
		26FCE6DC27D1F9C700C229DA /* Release */ = {
			isa = XCBuildConfiguration;
			buildSettings = {
				ALWAYS_SEARCH_USER_PATHS = NO;
				CLANG_ANALYZER_NONNULL = YES;
				CLANG_ANALYZER_NUMBER_OBJECT_CONVERSION = YES_AGGRESSIVE;
				CLANG_CXX_LANGUAGE_STANDARD = "gnu++17";
				CLANG_CXX_LIBRARY = "libc++";
				CLANG_ENABLE_MODULES = YES;
				CLANG_ENABLE_OBJC_ARC = YES;
				CLANG_ENABLE_OBJC_WEAK = YES;
				CLANG_WARN_BLOCK_CAPTURE_AUTORELEASING = YES;
				CLANG_WARN_BOOL_CONVERSION = YES;
				CLANG_WARN_COMMA = YES;
				CLANG_WARN_CONSTANT_CONVERSION = YES;
				CLANG_WARN_DEPRECATED_OBJC_IMPLEMENTATIONS = YES;
				CLANG_WARN_DIRECT_OBJC_ISA_USAGE = YES_ERROR;
				CLANG_WARN_DOCUMENTATION_COMMENTS = YES;
				CLANG_WARN_EMPTY_BODY = YES;
				CLANG_WARN_ENUM_CONVERSION = YES;
				CLANG_WARN_INFINITE_RECURSION = YES;
				CLANG_WARN_INT_CONVERSION = YES;
				CLANG_WARN_NON_LITERAL_NULL_CONVERSION = YES;
				CLANG_WARN_OBJC_IMPLICIT_RETAIN_SELF = YES;
				CLANG_WARN_OBJC_LITERAL_CONVERSION = YES;
				CLANG_WARN_OBJC_ROOT_CLASS = YES_ERROR;
				CLANG_WARN_QUOTED_INCLUDE_IN_FRAMEWORK_HEADER = YES;
				CLANG_WARN_RANGE_LOOP_ANALYSIS = YES;
				CLANG_WARN_STRICT_PROTOTYPES = YES;
				CLANG_WARN_SUSPICIOUS_MOVE = YES;
				CLANG_WARN_UNGUARDED_AVAILABILITY = YES_AGGRESSIVE;
				CLANG_WARN_UNREACHABLE_CODE = YES;
				CLANG_WARN__DUPLICATE_METHOD_MATCH = YES;
				COPY_PHASE_STRIP = NO;
				DEBUG_INFORMATION_FORMAT = "dwarf-with-dsym";
				ENABLE_NS_ASSERTIONS = NO;
				ENABLE_STRICT_OBJC_MSGSEND = YES;
				GCC_C_LANGUAGE_STANDARD = gnu11;
				GCC_NO_COMMON_BLOCKS = YES;
				GCC_WARN_64_TO_32_BIT_CONVERSION = YES;
				GCC_WARN_ABOUT_RETURN_TYPE = YES_ERROR;
				GCC_WARN_UNDECLARED_SELECTOR = YES;
				GCC_WARN_UNINITIALIZED_AUTOS = YES_AGGRESSIVE;
				GCC_WARN_UNUSED_FUNCTION = YES;
				GCC_WARN_UNUSED_VARIABLE = YES;
				IPHONEOS_DEPLOYMENT_TARGET = 15.2;
				MTL_ENABLE_DEBUG_INFO = NO;
				MTL_FAST_MATH = YES;
				SDKROOT = iphoneos;
				SWIFT_COMPILATION_MODE = wholemodule;
				SWIFT_OPTIMIZATION_LEVEL = "-O";
				VALIDATE_PRODUCT = YES;
			};
			name = Release;
		};
		26FCE6DE27D1F9C700C229DA /* Debug */ = {
			isa = XCBuildConfiguration;
			baseConfigurationReference = 67BF383CCDD0E96374B9F2A1 /* Pods-INNavigationExample.debug.xcconfig */;
			buildSettings = {
				ASSETCATALOG_COMPILER_APPICON_NAME = AppIcon;
				ASSETCATALOG_COMPILER_GLOBAL_ACCENT_COLOR_NAME = AccentColor;
				CODE_SIGN_STYLE = Automatic;
				CURRENT_PROJECT_VERSION = 1;
				DEVELOPMENT_ASSET_PATHS = "\"Sources/INNavigationExample/Preview Content\"";
				DEVELOPMENT_TEAM = H6T8HJZGHY;
				ENABLE_PREVIEWS = YES;
				GENERATE_INFOPLIST_FILE = YES;
				INFOPLIST_KEY_UIApplicationSceneManifest_Generation = YES;
				INFOPLIST_KEY_UIApplicationSupportsIndirectInputEvents = YES;
				INFOPLIST_KEY_UILaunchScreen_Generation = YES;
				INFOPLIST_KEY_UISupportedInterfaceOrientations_iPad = "UIInterfaceOrientationPortrait UIInterfaceOrientationPortraitUpsideDown UIInterfaceOrientationLandscapeLeft UIInterfaceOrientationLandscapeRight";
				INFOPLIST_KEY_UISupportedInterfaceOrientations_iPhone = "UIInterfaceOrientationPortrait UIInterfaceOrientationLandscapeLeft UIInterfaceOrientationLandscapeRight";
				IPHONEOS_DEPLOYMENT_TARGET = 15.0;
				LD_RUNPATH_SEARCH_PATHS = (
					"$(inherited)",
					"@executable_path/Frameworks",
				);
				MARKETING_VERSION = 1.0.0;
				PRODUCT_BUNDLE_IDENTIFIER = "com.indie-software.INNavigationExample";
				PRODUCT_NAME = "$(TARGET_NAME)";
				SWIFT_EMIT_LOC_STRINGS = YES;
				SWIFT_VERSION = 5.0;
				TARGETED_DEVICE_FAMILY = "1,2";
			};
			name = Debug;
		};
		26FCE6DF27D1F9C700C229DA /* Release */ = {
			isa = XCBuildConfiguration;
			baseConfigurationReference = D8B4F37595AC576D2D0591E2 /* Pods-INNavigationExample.release.xcconfig */;
			buildSettings = {
				ASSETCATALOG_COMPILER_APPICON_NAME = AppIcon;
				ASSETCATALOG_COMPILER_GLOBAL_ACCENT_COLOR_NAME = AccentColor;
				CODE_SIGN_STYLE = Automatic;
				CURRENT_PROJECT_VERSION = 1;
				DEVELOPMENT_ASSET_PATHS = "\"Sources/INNavigationExample/Preview Content\"";
				DEVELOPMENT_TEAM = H6T8HJZGHY;
				ENABLE_PREVIEWS = YES;
				GENERATE_INFOPLIST_FILE = YES;
				INFOPLIST_KEY_UIApplicationSceneManifest_Generation = YES;
				INFOPLIST_KEY_UIApplicationSupportsIndirectInputEvents = YES;
				INFOPLIST_KEY_UILaunchScreen_Generation = YES;
				INFOPLIST_KEY_UISupportedInterfaceOrientations_iPad = "UIInterfaceOrientationPortrait UIInterfaceOrientationPortraitUpsideDown UIInterfaceOrientationLandscapeLeft UIInterfaceOrientationLandscapeRight";
				INFOPLIST_KEY_UISupportedInterfaceOrientations_iPhone = "UIInterfaceOrientationPortrait UIInterfaceOrientationLandscapeLeft UIInterfaceOrientationLandscapeRight";
				IPHONEOS_DEPLOYMENT_TARGET = 15.0;
				LD_RUNPATH_SEARCH_PATHS = (
					"$(inherited)",
					"@executable_path/Frameworks",
				);
				MARKETING_VERSION = 1.0.0;
				PRODUCT_BUNDLE_IDENTIFIER = "com.indie-software.INNavigationExample";
				PRODUCT_NAME = "$(TARGET_NAME)";
				SWIFT_EMIT_LOC_STRINGS = YES;
				SWIFT_VERSION = 5.0;
				TARGETED_DEVICE_FAMILY = "1,2";
			};
			name = Release;
		};
		26FCE6FF27D1FAD700C229DA /* Debug */ = {
			isa = XCBuildConfiguration;
			baseConfigurationReference = 1D3CF85261265366D7A83882 /* Pods-INNavigation.debug.xcconfig */;
			buildSettings = {
				APPLICATION_EXTENSION_API_ONLY = YES;
				CODE_SIGN_STYLE = Automatic;
				CURRENT_PROJECT_VERSION = 1;
				DEFINES_MODULE = YES;
				DEVELOPMENT_TEAM = H6T8HJZGHY;
				DYLIB_COMPATIBILITY_VERSION = 1;
				DYLIB_CURRENT_VERSION = 1;
				DYLIB_INSTALL_NAME_BASE = "@rpath";
				GENERATE_INFOPLIST_FILE = YES;
				INFOPLIST_KEY_NSHumanReadableCopyright = "";
				INSTALL_PATH = "$(LOCAL_LIBRARY_DIR)/Frameworks";
				IPHONEOS_DEPLOYMENT_TARGET = 15.0;
				LD_RUNPATH_SEARCH_PATHS = (
					"$(inherited)",
					"@executable_path/Frameworks",
					"@loader_path/Frameworks",
				);
				MARKETING_VERSION = 1.0.0;
				PRODUCT_BUNDLE_IDENTIFIER = "com.indie-software.INNavigation";
				PRODUCT_NAME = "$(TARGET_NAME:c99extidentifier)";
				SKIP_INSTALL = YES;
				SWIFT_EMIT_LOC_STRINGS = YES;
				SWIFT_VERSION = 5.0;
				TARGETED_DEVICE_FAMILY = "1,2";
				VERSIONING_SYSTEM = "apple-generic";
				VERSION_INFO_PREFIX = "";
			};
			name = Debug;
		};
		26FCE70027D1FAD700C229DA /* Release */ = {
			isa = XCBuildConfiguration;
			baseConfigurationReference = D2E8259FAF6787CBFA87BD66 /* Pods-INNavigation.release.xcconfig */;
			buildSettings = {
				APPLICATION_EXTENSION_API_ONLY = YES;
				CODE_SIGN_STYLE = Automatic;
				CURRENT_PROJECT_VERSION = 1;
				DEFINES_MODULE = YES;
				DEVELOPMENT_TEAM = H6T8HJZGHY;
				DYLIB_COMPATIBILITY_VERSION = 1;
				DYLIB_CURRENT_VERSION = 1;
				DYLIB_INSTALL_NAME_BASE = "@rpath";
				GENERATE_INFOPLIST_FILE = YES;
				INFOPLIST_KEY_NSHumanReadableCopyright = "";
				INSTALL_PATH = "$(LOCAL_LIBRARY_DIR)/Frameworks";
				IPHONEOS_DEPLOYMENT_TARGET = 15.0;
				LD_RUNPATH_SEARCH_PATHS = (
					"$(inherited)",
					"@executable_path/Frameworks",
					"@loader_path/Frameworks",
				);
				MARKETING_VERSION = 1.0.0;
				PRODUCT_BUNDLE_IDENTIFIER = "com.indie-software.INNavigation";
				PRODUCT_NAME = "$(TARGET_NAME:c99extidentifier)";
				SKIP_INSTALL = YES;
				SWIFT_EMIT_LOC_STRINGS = YES;
				SWIFT_VERSION = 5.0;
				TARGETED_DEVICE_FAMILY = "1,2";
				VERSIONING_SYSTEM = "apple-generic";
				VERSION_INFO_PREFIX = "";
			};
			name = Release;
		};
		26FCE70327D1FAD700C229DA /* Debug */ = {
			isa = XCBuildConfiguration;
			baseConfigurationReference = F05FDB89098D66812BE40AEB /* Pods-INNavigationTests.debug.xcconfig */;
			buildSettings = {
				CLANG_ENABLE_MODULES = YES;
				CODE_SIGN_STYLE = Automatic;
				CURRENT_PROJECT_VERSION = 5;
				DEVELOPMENT_TEAM = H6T8HJZGHY;
				GENERATE_INFOPLIST_FILE = YES;
				LD_RUNPATH_SEARCH_PATHS = (
					"$(inherited)",
					"@executable_path/Frameworks",
					"@loader_path/Frameworks",
				);
				MARKETING_VERSION = 1.0;
				PRODUCT_BUNDLE_IDENTIFIER = "com.indie-software.INNavigationTests";
				PRODUCT_NAME = "$(TARGET_NAME)";
				SWIFT_EMIT_LOC_STRINGS = NO;
				SWIFT_OPTIMIZATION_LEVEL = "-Onone";
				SWIFT_VERSION = 5.0;
				TARGETED_DEVICE_FAMILY = "1,2";
			};
			name = Debug;
		};
		26FCE70427D1FAD700C229DA /* Release */ = {
			isa = XCBuildConfiguration;
			baseConfigurationReference = 84D70F57B0BCB8956401ED89 /* Pods-INNavigationTests.release.xcconfig */;
			buildSettings = {
				CLANG_ENABLE_MODULES = YES;
				CODE_SIGN_STYLE = Automatic;
				CURRENT_PROJECT_VERSION = 5;
				DEVELOPMENT_TEAM = H6T8HJZGHY;
				GENERATE_INFOPLIST_FILE = YES;
				LD_RUNPATH_SEARCH_PATHS = (
					"$(inherited)",
					"@executable_path/Frameworks",
					"@loader_path/Frameworks",
				);
				MARKETING_VERSION = 1.0;
				PRODUCT_BUNDLE_IDENTIFIER = "com.indie-software.INNavigationTests";
				PRODUCT_NAME = "$(TARGET_NAME)";
				SWIFT_EMIT_LOC_STRINGS = NO;
				SWIFT_VERSION = 5.0;
				TARGETED_DEVICE_FAMILY = "1,2";
			};
			name = Release;
		};
		26FCE71227D215C800C229DA /* Debug */ = {
			isa = XCBuildConfiguration;
			buildSettings = {
				CODE_SIGN_STYLE = Automatic;
				DEVELOPMENT_TEAM = H6T8HJZGHY;
				PRODUCT_NAME = "$(TARGET_NAME)";
			};
			name = Debug;
		};
		26FCE71327D215C800C229DA /* Release */ = {
			isa = XCBuildConfiguration;
			buildSettings = {
				CODE_SIGN_STYLE = Automatic;
				DEVELOPMENT_TEAM = H6T8HJZGHY;
				PRODUCT_NAME = "$(TARGET_NAME)";
			};
			name = Release;
		};
/* End XCBuildConfiguration section */

/* Begin XCConfigurationList section */
		26FCE6CA27D1F9C600C229DA /* Build configuration list for PBXProject "INNavigation" */ = {
			isa = XCConfigurationList;
			buildConfigurations = (
				26FCE6DB27D1F9C700C229DA /* Debug */,
				26FCE6DC27D1F9C700C229DA /* Release */,
			);
			defaultConfigurationIsVisible = 0;
			defaultConfigurationName = Release;
		};
		26FCE6DD27D1F9C700C229DA /* Build configuration list for PBXNativeTarget "INNavigationExample" */ = {
			isa = XCConfigurationList;
			buildConfigurations = (
				26FCE6DE27D1F9C700C229DA /* Debug */,
				26FCE6DF27D1F9C700C229DA /* Release */,
			);
			defaultConfigurationIsVisible = 0;
			defaultConfigurationName = Release;
		};
		26FCE6FE27D1FAD700C229DA /* Build configuration list for PBXNativeTarget "INNavigation" */ = {
			isa = XCConfigurationList;
			buildConfigurations = (
				26FCE6FF27D1FAD700C229DA /* Debug */,
				26FCE70027D1FAD700C229DA /* Release */,
			);
			defaultConfigurationIsVisible = 0;
			defaultConfigurationName = Release;
		};
		26FCE70227D1FAD700C229DA /* Build configuration list for PBXNativeTarget "INNavigationTests" */ = {
			isa = XCConfigurationList;
			buildConfigurations = (
				26FCE70327D1FAD700C229DA /* Debug */,
				26FCE70427D1FAD700C229DA /* Release */,
			);
			defaultConfigurationIsVisible = 0;
			defaultConfigurationName = Release;
		};
		26FCE71127D215C800C229DA /* Build configuration list for PBXAggregateTarget "SwiftFormat" */ = {
			isa = XCConfigurationList;
			buildConfigurations = (
				26FCE71227D215C800C229DA /* Debug */,
				26FCE71327D215C800C229DA /* Release */,
			);
			defaultConfigurationIsVisible = 0;
			defaultConfigurationName = Release;
		};
/* End XCConfigurationList section */
	};
	rootObject = 26FCE6C727D1F9C600C229DA /* Project object */;
}
