{
  "pins" : [
    {
      "identity" : "incommons",
      "kind" : "remoteSourceControl",
      "location" : "https://github.com/indieSoftware/INCommons.git",
      "state" : {
        "branch" : "develop",
        "revision" : "971ab6033e92e904255a0c04742db2b29495c373"
      }
    }
  ],
  "version" : 2
}
