{
  "pins" : [
    {
      "identity" : "incommons",
      "kind" : "remoteSourceControl",
      "location" : "https://github.com/indieSoftware/INCommons.git",
      "state" : {
        "branch" : "develop",
        "revision" : "3b2ae270731423eda0288943ace9d0070cb42682"
      }
    }
  ],
  "version" : 2
}
