{
  "originHash" : "4bf366ed7a53dc3386fca32c0cc857b5ec6b9c4f5885dff98eeef29173c83a84",
  "pins" : [
    {
      "identity" : "incommons",
      "kind" : "remoteSourceControl",
      "location" : "https://github.com/indieSoftware/INCommons.git",
      "state" : {
        "revision" : "42496168d6d85fc760f186f698a8626ae4336712",
        "version" : "4.1.0"
      }
    }
  ],
  "version" : 3
}
