{
  "object": {
    "pins": [
      {
        "package": "INCommons",
        "repositoryURL": "https://github.com/indieSoftware/INCommons.git",
        "state": {
          "branch": null,
          "revision": "6ae342935f6067929fd8d247c8977c19a6f0b9e1",
          "version": "4.0.1"
        }
      }
    ]
  },
  "version": 1
}
