{
  "originHash" : "0bed4984aee6fc6e0ce2874eb9b14433a625186daa5936fc970f3c0752e0b805",
  "pins" : [
    {
      "identity" : "incommons",
      "kind" : "remoteSourceControl",
      "location" : "https://github.com/indieSoftware/INCommons.git",
      "state" : {
        "revision" : "dac65d3bdbac1163fd6d9cfa6a7fc5205217469b",
        "version" : "4.2.0"
      }
    }
  ],
  "version" : 3
}
